{
  "name": "@docxtract/example-invoice-desk",
  "version": "1.0.0",
  "lockfileVersion": 3,
  "requires": true,
  "packages": {
    "": {
      "name": "@docxtract/example-invoice-desk",
      "version": "1.0.0",
      "license": "MIT",
      "dependencies": {
        "@docxtract/sdk": "1.0.0"
      },
      "engines": {
        "node": ">=20"
      }
    },
    "node_modules/@docxtract/sdk": {
      "version": "1.0.0",
      "resolved": "https://registry.npmjs.org/@docxtract/sdk/-/sdk-1.0.0.tgz",
      "integrity": "sha512-YHYEQJa4xUmJLMondiAskaFqwiuKfSQ14ulOKD2ngqGub7iMvJJPYm4U5ErgvRooOJpAa6TPfdMrInwyko4VTA==",
      "license": "MIT",
      "engines": {
        "node": ">=18"
      }
    }
  }
}
